// !$*UTF8*$!
{
	archiveVersion = 1;
	classes = {
	};
	objectVersion = 46;
	objects = {

/* Begin PBXBuildFile section */
		FDCAD7E91A970C8A00C64086 /* AppDelegate.swift in Sources */ = {isa = PBXBuildFile; fileRef = FDCAD7E81A970C8A00C64086 /* AppDelegate.swift */; };
		FDCAD7EB1A970C8A00C64086 /* ViewController.swift in Sources */ = {isa = PBXBuildFile; fileRef = FDCAD7EA1A970C8A00C64086 /* ViewController.swift */; };
		FDCAD7EE1A970C8A00C64086 /* Main.storyboard in Resources */ = {isa = PBXBuildFile; fileRef = FDCAD7EC1A970C8A00C64086 /* Main.storyboard */; };
		FDCAD7F01A970C8A00C64086 /* Images.xcassets in Resources */ = {isa = PBXBuildFile; fileRef = FDCAD7EF1A970C8A00C64086 /* Images.xcassets */; };
		FDCAD7F31A970C8A00C64086 /* LaunchScreen.xib in Resources */ = {isa = PBXBuildFile; fileRef = FDCAD7F11A970C8A00C64086 /* LaunchScreen.xib */; };
		FDCAD7FF1A970C8A00C64086 /* NewTipcalculatorTests.swift in Sources */ = {isa = PBXBuildFile; fileRef = FDCAD7FE1A970C8A00C64086 /* NewTipcalculatorTests.swift */; };
/* End PBXBuildFile section */

/* Begin PBXContainerItemProxy section */
		FDCAD7F91A970C8A00C64086 /* PBXContainerItemProxy */ = {
			isa = PBXContainerItemProxy;
			containerPortal = FDCAD7DB1A970C8A00C64086 /* Project object */;
			proxyType = 1;
			remoteGlobalIDString = FDCAD7E21A970C8A00C64086;
			remoteInfo = NewTipcalculator;
		};
/* End PBXContainerItemProxy section */

/* Begin PBXFileReference section */
		FDCAD7E31A970C8A00C64086 /* NewTipcalculator.app */ = {isa = PBXFileReference; explicitFileType = wrapper.application; includeInIndex = 0; path = NewTipcalculator.app; sourceTree = BUILT_PRODUCTS_DIR; };
		FDCAD7E71A970C8A00C64086 /* Info.plist */ = {isa = PBXFileReference; lastKnownFileType = text.plist.xml; path = Info.plist; sourceTree = "<group>"; };
		FDCAD7E81A970C8A00C64086 /* AppDelegate.swift */ = {isa = PBXFileReference; lastKnownFileType = sourcecode.swift; path = AppDelegate.swift; sourceTree = "<group>"; };
		FDCAD7EA1A970C8A00C64086 /* ViewController.swift */ = {isa = PBXFileReference; lastKnownFileType = sourcecode.swift; path = ViewController.swift; sourceTree = "<group>"; };
		FDCAD7ED1A970C8A00C64086 /* Base */ = {isa = PBXFileReference; lastKnownFileType = file.storyboard; name = Base; path = Base.lproj/Main.storyboard; sourceTree = "<group>"; };
		FDCAD7EF1A970C8A00C64086 /* Images.xcassets */ = {isa = PBXFileReference; lastKnownFileType = folder.assetcatalog; path = Images.xcassets; sourceTree = "<group>"; };
		FDCAD7F21A970C8A00C64086 /* Base */ = {isa = PBXFileReference; lastKnownFileType = file.xib; name = Base; path = Base.lproj/LaunchScreen.xib; sourceTree = "<group>"; };
		FDCAD7F81A970C8A00C64086 /* NewTipcalculatorTests.xctest */ = {isa = PBXFileReference; explicitFileType = wrapper.cfbundle; includeInIndex = 0; path = NewTipcalculatorTests.xctest; sourceTree = BUILT_PRODUCTS_DIR; };
		FDCAD7FD1A970C8A00C64086 /* Info.plist */ = {isa = PBXFileReference; lastKnownFileType = text.plist.xml; path = Info.plist; sourceTree = "<group>"; };
		FDCAD7FE1A970C8A00C64086 /* NewTipcalculatorTests.swift */ = {isa = PBXFileReference; lastKnownFileType = sourcecode.swift; path = NewTipcalculatorTests.swift; sourceTree = "<group>"; };
/* End PBXFileReference section */

/* Begin PBXFrameworksBuildPhase section */
		FDCAD7E01A970C8A00C64086 /* Frameworks */ = {
			isa = PBXFrameworksBuildPhase;
			buildActionMask = 2147483647;
			files = (
			);
			runOnlyForDeploymentPostprocessing = 0;
		};
		FDCAD7F51A970C8A00C64086 /* Frameworks */ = {
			isa = PBXFrameworksBuildPhase;
			buildActionMask = 2147483647;
			files = (
			);
			runOnlyForDeploymentPostprocessing = 0;
		};
/* End PBXFrameworksBuildPhase section */

/* Begin PBXGroup section */
		FDCAD7DA1A970C8A00C64086 = {
			isa = PBXGroup;
			children = (
				FDCAD7E51A970C8A00C64086 /* NewTipcalculator */,
				FDCAD7FB1A970C8A00C64086 /* NewTipcalculatorTests */,
				FDCAD7E41A970C8A00C64086 /* Products */,
			);
			sourceTree = "<group>";
		};
		FDCAD7E41A970C8A00C64086 /* Products */ = {
			isa = PBXGroup;
			children = (
				FDCAD7E31A970C8A00C64086 /* NewTipcalculator.app */,
				FDCAD7F81A970C8A00C64086 /* NewTipcalculatorTests.xctest */,
			);
			name = Products;
			sourceTree = "<group>";
		};
		FDCAD7E51A970C8A00C64086 /* NewTipcalculator */ = {
			isa = PBXGroup;
			children = (
				FDCAD7E81A970C8A00C64086 /* AppDelegate.swift */,
				FDCAD7EA1A970C8A00C64086 /* ViewController.swift */,
				FDCAD7EC1A970C8A00C64086 /* Main.storyboard */,
				FDCAD7EF1A970C8A00C64086 /* Images.xcassets */,
				FDCAD7F11A970C8A00C64086 /* LaunchScreen.xib */,
				FDCAD7E61A970C8A00C64086 /* Supporting Files */,
			);
			path = NewTipcalculator;
			sourceTree = "<group>";
		};
		FDCAD7E61A970C8A00C64086 /* Supporting Files */ = {
			isa = PBXGroup;
			children = (
				FDCAD7E71A970C8A00C64086 /* Info.plist */,
			);
			name = "Supporting Files";
			sourceTree = "<group>";
		};
		FDCAD7FB1A970C8A00C64086 /* NewTipcalculatorTests */ = {
			isa = PBXGroup;
			children = (
				FDCAD7FE1A970C8A00C64086 /* NewTipcalculatorTests.swift */,
				FDCAD7FC1A970C8A00C64086 /* Supporting Files */,
			);
			path = NewTipcalculatorTests;
			sourceTree = "<group>";
		};
		FDCAD7FC1A970C8A00C64086 /* Supporting Files */ = {
			isa = PBXGroup;
			children = (
				FDCAD7FD1A970C8A00C64086 /* Info.plist */,
			);
			name = "Supporting Files";
			sourceTree = "<group>";
		};
/* End PBXGroup section */

/* Begin PBXNativeTarget section */
		FDCAD7E21A970C8A00C64086 /* NewTipcalculator */ = {
			isa = PBXNativeTarget;
			buildConfigurationList = FDCAD8021A970C8A00C64086 /* Build configuration list for PBXNativeTarget "NewTipcalculator" */;
			buildPhases = (
				FDCAD7DF1A970C8A00C64086 /* Sources */,
				FDCAD7E01A970C8A00C64086 /* Frameworks */,
				FDCAD7E11A970C8A00C64086 /* Resources */,
			);
			buildRules = (
			);
			dependencies = (
			);
			name = NewTipcalculator;
			productName = NewTipcalculator;
			productReference = FDCAD7E31A970C8A00C64086 /* NewTipcalculator.app */;
			productType = "com.apple.product-type.application";
		};
		FDCAD7F71A970C8A00C64086 /* NewTipcalculatorTests */ = {
			isa = PBXNativeTarget;
			buildConfigurationList = FDCAD8051A970C8A00C64086 /* Build configuration list for PBXNativeTarget "NewTipcalculatorTests" */;
			buildPhases = (
				FDCAD7F41A970C8A00C64086 /* Sources */,
				FDCAD7F51A970C8A00C64086 /* Frameworks */,
				FDCAD7F61A970C8A00C64086 /* Resources */,
			);
			buildRules = (
			);
			dependencies = (
				FDCAD7FA1A970C8A00C64086 /* PBXTargetDependency */,
			);
			name = NewTipcalculatorTests;
			productName = NewTipcalculatorTests;
			productReference = FDCAD7F81A970C8A00C64086 /* NewTipcalculatorTests.xctest */;
			productType = "com.apple.product-type.bundle.unit-test";
		};
/* End PBXNativeTarget section */

/* Begin PBXProject section */
		FDCAD7DB1A970C8A00C64086 /* Project object */ = {
			isa = PBXProject;
			attributes = {
				LastUpgradeCheck = 0600;
				ORGANIZATIONNAME = iStudents;
				TargetAttributes = {
					FDCAD7E21A970C8A00C64086 = {
						CreatedOnToolsVersion = 6.0;
					};
					FDCAD7F71A970C8A00C64086 = {
						CreatedOnToolsVersion = 6.0;
						TestTargetID = FDCAD7E21A970C8A00C64086;
					};
				};
			};
			buildConfigurationList = FDCAD7DE1A970C8A00C64086 /* Build configuration list for PBXProject "NewTipcalculator" */;
			compatibilityVersion = "Xcode 3.2";
			developmentRegion = English;
			hasScannedForEncodings = 0;
			knownRegions = (
				en,
				Base,
			);
			mainGroup = FDCAD7DA1A970C8A00C64086;
			productRefGroup = FDCAD7E41A970C8A00C64086 /* Products */;
			projectDirPath = "";
			projectRoot = "";
			targets = (
				FDCAD7E21A970C8A00C64086 /* NewTipcalculator */,
				FDCAD7F71A970C8A00C64086 /* NewTipcalculatorTests */,
			);
		};
/* End PBXProject section */

/* Begin PBXResourcesBuildPhase section */
		FDCAD7E11A970C8A00C64086 /* Resources */ = {
			isa = PBXResourcesBuildPhase;
			buildActionMask = 2147483647;
			files = (
				FDCAD7EE1A970C8A00C64086 /* Main.storyboard in Resources */,
				FDCAD7F31A970C8A00C64086 /* LaunchScreen.xib in Resources */,
				FDCAD7F01A970C8A00C64086 /* Images.xcassets in Resources */,
			);
			runOnlyForDeploymentPostprocessing = 0;
		};
		FDCAD7F61A970C8A00C64086 /* Resources */ = {
			isa = PBXResourcesBuildPhase;
			buildActionMask = 2147483647;
			files = (
			);
			runOnlyForDeploymentPostprocessing = 0;
		};
/* End PBXResourcesBuildPhase section */

/* Begin PBXSourcesBuildPhase section */
		FDCAD7DF1A970C8A00C64086 /* Sources */ = {
			isa = PBXSourcesBuildPhase;
			buildActionMask = 2147483647;
			files = (
				FDCAD7EB1A970C8A00C64086 /* ViewController.swift in Sources */,
				FDCAD7E91A970C8A00C64086 /* AppDelegate.swift in Sources */,
			);
			runOnlyForDeploymentPostprocessing = 0;
		};
		FDCAD7F41A970C8A00C64086 /* Sources */ = {
			isa = PBXSourcesBuildPhase;
			buildActionMask = 2147483647;
			files = (
				FDCAD7FF1A970C8A00C64086 /* NewTipcalculatorTests.swift in Sources */,
			);
			runOnlyForDeploymentPostprocessing = 0;
		};
/* End PBXSourcesBuildPhase section */

/* Begin PBXTargetDependency section */
		FDCAD7FA1A970C8A00C64086 /* PBXTargetDependency */ = {
			isa = PBXTargetDependency;
			target = FDCAD7E21A970C8A00C64086 /* NewTipcalculator */;
			targetProxy = FDCAD7F91A970C8A00C64086 /* PBXContainerItemProxy */;
		};
/* End PBXTargetDependency section */

/* Begin PBXVariantGroup section */
		FDCAD7EC1A970C8A00C64086 /* Main.storyboard */ = {
			isa = PBXVariantGroup;
			children = (
				FDCAD7ED1A970C8A00C64086 /* Base */,
			);
			name = Main.storyboard;
			sourceTree = "<group>";
		};
		FDCAD7F11A970C8A00C64086 /* LaunchScreen.xib */ = {
			isa = PBXVariantGroup;
			children = (
				FDCAD7F21A970C8A00C64086 /* Base */,
			);
			name = LaunchScreen.xib;
			sourceTree = "<group>";
		};
/* End PBXVariantGroup section */

/* Begin XCBuildConfiguration section */
		FDCAD8001A970C8A00C64086 /* Debug */ = {
			isa = XCBuildConfiguration;
			buildSettings = {
				ALWAYS_SEARCH_USER_PATHS = NO;
				CLANG_CXX_LANGUAGE_STANDARD = "gnu++0x";
				CLANG_CXX_LIBRARY = "libc++";
				CLANG_ENABLE_MODULES = YES;
				CLANG_ENABLE_OBJC_ARC = YES;
				CLANG_WARN_BOOL_CONVERSION = YES;
				CLANG_WARN_CONSTANT_CONVERSION = YES;
				CLANG_WARN_DIRECT_OBJC_ISA_USAGE = YES_ERROR;
				CLANG_WARN_EMPTY_BODY = YES;
				CLANG_WARN_ENUM_CONVERSION = YES;
				CLANG_WARN_INT_CONVERSION = YES;
				CLANG_WARN_OBJC_ROOT_CLASS = YES_ERROR;
				CLANG_WARN_UNREACHABLE_CODE = YES;
				CLANG_WARN__DUPLICATE_METHOD_MATCH = YES;
				"CODE_SIGN_IDENTITY[sdk=iphoneos*]" = "iPhone Developer";
				COPY_PHASE_STRIP = NO;
				ENABLE_STRICT_OBJC_MSGSEND = YES;
				GCC_C_LANGUAGE_STANDARD = gnu99;
				GCC_DYNAMIC_NO_PIC = NO;
				GCC_OPTIMIZATION_LEVEL = 0;
				GCC_PREPROCESSOR_DEFINITIONS = (
					"DEBUG=1",
					"$(inherited)",
				);
				GCC_SYMBOLS_PRIVATE_EXTERN = NO;
				GCC_WARN_64_TO_32_BIT_CONVERSION = YES;
				GCC_WARN_ABOUT_RETURN_TYPE = YES_ERROR;
				GCC_WARN_UNDECLARED_SELECTOR = YES;
				GCC_WARN_UNINITIALIZED_AUTOS = YES_AGGRESSIVE;
				GCC_WARN_UNUSED_FUNCTION = YES;
				GCC_WARN_UNUSED_VARIABLE = YES;
				IPHONEOS_DEPLOYMENT_TARGET = 8.0;
				MTL_ENABLE_DEBUG_INFO = YES;
				ONLY_ACTIVE_ARCH = YES;
				SDKROOT = iphoneos;
				SWIFT_OPTIMIZATION_LEVEL = "-Onone";
			};
			name = Debug;
		};
		FDCAD8011A970C8A00C64086 /* Release */ = {
			isa = XCBuildConfiguration;
			buildSettings = {
				ALWAYS_SEARCH_USER_PATHS = NO;
				CLANG_CXX_LANGUAGE_STANDARD = "gnu++0x";
				CLANG_CXX_LIBRARY = "libc++";
				CLANG_ENABLE_MODULES = YES;
				CLANG_ENABLE_OBJC_ARC = YES;
				CLANG_WARN_BOOL_CONVERSION = YES;
				CLANG_WARN_CONSTANT_CONVERSION = YES;
				CLANG_WARN_DIRECT_OBJC_ISA_USAGE = YES_ERROR;
				CLANG_WARN_EMPTY_BODY = YES;
				CLANG_WARN_ENUM_CONVERSION = YES;
				CLANG_WARN_INT_CONVERSION = YES;
				CLANG_WARN_OBJC_ROOT_CLASS = YES_ERROR;
				CLANG_WARN_UNREACHABLE_CODE = YES;
				CLANG_WARN__DUPLICATE_METHOD_MATCH = YES;
				"CODE_SIGN_IDENTITY[sdk=iphoneos*]" = "iPhone Developer";
				COPY_PHASE_STRIP = YES;
				ENABLE_NS_ASSERTIONS = NO;
				ENABLE_STRICT_OBJC_MSGSEND = YES;
				GCC_C_LANGUAGE_STANDARD = gnu99;
				GCC_WARN_64_TO_32_BIT_CONVERSION = YES;
				GCC_WARN_ABOUT_RETURN_TYPE = YES_ERROR;
				GCC_WARN_UNDECLARED_SELECTOR = YES;
				GCC_WARN_UNINITIALIZED_AUTOS = YES_AGGRESSIVE;
				GCC_WARN_UNUSED_FUNCTION = YES;
				GCC_WARN_UNUSED_VARIABLE = YES;
				IPHONEOS_DEPLOYMENT_TARGET = 8.0;
				MTL_ENABLE_DEBUG_INFO = NO;
				SDKROOT = iphoneos;
				VALIDATE_PRODUCT = YES;
			};
			name = Release;
		};
		FDCAD8031A970C8A00C64086 /* Debug */ = {
			isa = XCBuildConfiguration;
			buildSettings = {
				ASSETCATALOG_COMPILER_APPICON_NAME = AppIcon;
				INFOPLIST_FILE = NewTipcalculator/Info.plist;
				LD_RUNPATH_SEARCH_PATHS = "$(inherited) @executable_path/Frameworks";
				PRODUCT_NAME = "$(TARGET_NAME)";
			};
			name = Debug;
		};
		FDCAD8041A970C8A00C64086 /* Release */ = {
			isa = XCBuildConfiguration;
			buildSettings = {
				ASSETCATALOG_COMPILER_APPICON_NAME = AppIcon;
				INFOPLIST_FILE = NewTipcalculator/Info.plist;
				LD_RUNPATH_SEARCH_PATHS = "$(inherited) @executable_path/Frameworks";
				PRODUCT_NAME = "$(TARGET_NAME)";
			};
			name = Release;
		};
		FDCAD8061A970C8A00C64086 /* Debug */ = {
			isa = XCBuildConfiguration;
			buildSettings = {
				BUNDLE_LOADER = "$(TEST_HOST)";
				FRAMEWORK_SEARCH_PATHS = (
					"$(SDKROOT)/Developer/Library/Frameworks",
					"$(inherited)",
				);
				GCC_PREPROCESSOR_DEFINITIONS = (
					"DEBUG=1",
					"$(inherited)",
				);
				INFOPLIST_FILE = NewTipcalculatorTests/Info.plist;
				LD_RUNPATH_SEARCH_PATHS = "$(inherited) @executable_path/Frameworks @loader_path/Frameworks";
				PRODUCT_NAME = "$(TARGET_NAME)";
				TEST_HOST = "$(BUILT_PRODUCTS_DIR)/NewTipcalculator.app/NewTipcalculator";
			};
			name = Debug;
		};
		FDCAD8071A970C8A00C64086 /* Release */ = {
			isa = XCBuildConfiguration;
			buildSettings = {
				BUNDLE_LOADER = "$(TEST_HOST)";
				FRAMEWORK_SEARCH_PATHS = (
					"$(SDKROOT)/Developer/Library/Frameworks",
					"$(inherited)",
				);
				INFOPLIST_FILE = NewTipcalculatorTests/Info.plist;
				LD_RUNPATH_SEARCH_PATHS = "$(inherited) @executable_path/Frameworks @loader_path/Frameworks";
				PRODUCT_NAME = "$(TARGET_NAME)";
				TEST_HOST = "$(BUILT_PRODUCTS_DIR)/NewTipcalculator.app/NewTipcalculator";
			};
			name = Release;
		};
/* End XCBuildConfiguration section */

/* Begin XCConfigurationList section */
		FDCAD7DE1A970C8A00C64086 /* Build configuration list for PBXProject "NewTipcalculator" */ = {
			isa = XCConfigurationList;
			buildConfigurations = (
				FDCAD8001A970C8A00C64086 /* Debug */,
				FDCAD8011A970C8A00C64086 /* Release */,
			);
			defaultConfigurationIsVisible = 0;
			defaultConfigurationName = Release;
		};
		FDCAD8021A970C8A00C64086 /* Build configuration list for PBXNativeTarget "NewTipcalculator" */ = {
			isa = XCConfigurationList;
			buildConfigurations = (
				FDCAD8031A970C8A00C64086 /* Debug */,
				FDCAD8041A970C8A00C64086 /* Release */,
			);
			defaultConfigurationIsVisible = 0;
		};
		FDCAD8051A970C8A00C64086 /* Build configuration list for PBXNativeTarget "NewTipcalculatorTests" */ = {
			isa = XCConfigurationList;
			buildConfigurations = (
				FDCAD8061A970C8A00C64086 /* Debug */,
				FDCAD8071A970C8A00C64086 /* Release */,
			);
			defaultConfigurationIsVisible = 0;
		};
/* End XCConfigurationList section */
	};
	rootObject = FDCAD7DB1A970C8A00C64086 /* Project object */;
}
